<?xml version="1.0" encoding="utf-8"?>
<Project ToolsVersion="4.0" xmlns="http://schemas.microsoft.com/developer/msbuild/2003">
  <ItemGroup>
    <Filter Include="源文件">
      <UniqueIdentifier>{4FC737F1-C7A5-4376-A066-2A32D752A2FF}</UniqueIdentifier>
      <Extensions>cpp;c;cc;cxx;def;odl;idl;hpj;bat;asm;asmx</Extensions>
    </Filter>
    <Filter Include="头文件">
      <UniqueIdentifier>{93995380-89BD-4b04-88EB-625FBE52EBFB}</UniqueIdentifier>
      <Extensions>h;hh;hpp;hxx;hm;inl;inc;ipp;xsd</Extensions>
    </Filter>
    <Filter Include="资源文件">
      <UniqueIdentifier>{67DA6AB6-F800-4c08-8B7A-83BB121AAD01}</UniqueIdentifier>
      <Extensions>rc;ico;cur;bmp;dlg;rc2;rct;bin;rgs;gif;jpg;jpeg;jpe;resx;tiff;tif;png;wav;mfcribbon-ms</Extensions>
    </Filter>
    <Filter Include="源文件\Chapter2">
      <UniqueIdentifier>{812d0fce-05be-44c3-99fe-e91129ca0a34}</UniqueIdentifier>
    </Filter>
    <Filter Include="源文件\Util">
      <UniqueIdentifier>{1f04df55-9199-4ad6-9442-6329aee24210}</UniqueIdentifier>
    </Filter>
    <Filter Include="源文件\Chapter3">
      <UniqueIdentifier>{485e56a6-fb0d-4ab2-8afa-bd4a02666be8}</UniqueIdentifier>
    </Filter>
    <Filter Include="源文件\simple">
      <UniqueIdentifier>{b93d2053-18a8-4af4-aba2-ea71ec6e5377}</UniqueIdentifier>
    </Filter>
    <Filter Include="源文件\Chapter4">
      <UniqueIdentifier>{7703e6c9-8304-4eb7-8597-1c4ffac6facf}</UniqueIdentifier>
    </Filter>
    <Filter Include="源文件\Chapter2\Pratice">
      <UniqueIdentifier>{e6a7c56e-500d-4a9c-bef7-5bcf70709791}</UniqueIdentifier>
    </Filter>
    <Filter Include="源文件\Chapter2\Example">
      <UniqueIdentifier>{4d6e18e9-9c59-48a1-85a4-6a91588fa736}</UniqueIdentifier>
    </Filter>
    <Filter Include="源文件\Chapter3\Pratice">
      <UniqueIdentifier>{14f71e6b-23de-4b4b-9f1b-7088237b9aeb}</UniqueIdentifier>
    </Filter>
    <Filter Include="源文件\Chapter4\Pratice">
      <UniqueIdentifier>{3c00a3da-fc87-4591-89e8-d224880d365a}</UniqueIdentifier>
    </Filter>
    <Filter Include="源文件\Chapter3\Example">
      <UniqueIdentifier>{501b283e-ba8e-48a9-a396-24419a817444}</UniqueIdentifier>
    </Filter>
    <Filter Include="源文件\Chapter4\Example">
      <UniqueIdentifier>{705508e3-05fb-479c-be20-d1ac57b2b51d}</UniqueIdentifier>
    </Filter>
    <Filter Include="源文件\Chapter5">
      <UniqueIdentifier>{fd03be60-fb0c-4299-8894-4ba7c2f5defe}</UniqueIdentifier>
    </Filter>
    <Filter Include="源文件\Chapter5\Example">
      <UniqueIdentifier>{9b581382-bc79-4989-acb3-8125ff5e6ae2}</UniqueIdentifier>
    </Filter>
    <Filter Include="源文件\Chapter5\Pratice">
      <UniqueIdentifier>{66f04088-e4e7-49d2-a858-b7b9475d4b42}</UniqueIdentifier>
    </Filter>
    <Filter Include="源文件\Chapter6">
      <UniqueIdentifier>{cea7b1a7-404e-4558-b02e-76ee4421971b}</UniqueIdentifier>
    </Filter>
    <Filter Include="源文件\Chapter6\Example">
      <UniqueIdentifier>{6cbaacfe-57d6-4689-8d8b-a43a7de3a650}</UniqueIdentifier>
    </Filter>
    <Filter Include="源文件\Chapter6\Pratice">
      <UniqueIdentifier>{d68dd30b-7aa5-4bec-92b8-f8e17d939ec3}</UniqueIdentifier>
    </Filter>
    <Filter Include="源文件\Chapter7">
      <UniqueIdentifier>{089f1e00-400a-4721-8fab-70bb685b0b0f}</UniqueIdentifier>
    </Filter>
    <Filter Include="源文件\Chapter7\Example">
      <UniqueIdentifier>{6fae1595-c45b-422e-9522-dc002e5d7484}</UniqueIdentifier>
    </Filter>
    <Filter Include="源文件\Chapter7\Pratice">
      <UniqueIdentifier>{51c0220e-52b9-45c0-832f-fc13f1a25179}</UniqueIdentifier>
    </Filter>
    <Filter Include="源文件\Chapter8">
      <UniqueIdentifier>{c4dbf6aa-97cc-42f9-9ab3-7081a3493c79}</UniqueIdentifier>
    </Filter>
    <Filter Include="源文件\Chapter8\Example">
      <UniqueIdentifier>{0831893c-7794-4f9e-91b3-91c44cf19bb7}</UniqueIdentifier>
    </Filter>
    <Filter Include="源文件\Chapter8\Pratice">
      <UniqueIdentifier>{34f1f72c-49e9-40a1-8eea-8298343704bc}</UniqueIdentifier>
    </Filter>
    <Filter Include="源文件\Chapter9">
      <UniqueIdentifier>{49798410-3457-49c0-a1f8-18de52bf6a8a}</UniqueIdentifier>
    </Filter>
    <Filter Include="源文件\Chapter10">
      <UniqueIdentifier>{8b21b10a-8fbc-475d-a76c-06010f468f77}</UniqueIdentifier>
    </Filter>
    <Filter Include="源文件\Chapter11">
      <UniqueIdentifier>{7f2741c6-872d-464b-826d-6972803c08af}</UniqueIdentifier>
    </Filter>
    <Filter Include="源文件\Chapter12">
      <UniqueIdentifier>{9f8562a3-55d7-4f58-93f1-2868a44a0644}</UniqueIdentifier>
    </Filter>
    <Filter Include="源文件\Chapter13">
      <UniqueIdentifier>{81d673fe-7e98-4b8c-8b29-b6b4b88cbd12}</UniqueIdentifier>
    </Filter>
    <Filter Include="源文件\Chapter14">
      <UniqueIdentifier>{515254b4-d934-4692-a24a-c913c82b56dc}</UniqueIdentifier>
    </Filter>
    <Filter Include="源文件\Chapter16">
      <UniqueIdentifier>{8a3bc62a-b020-4c47-9195-5721e8a5ddc0}</UniqueIdentifier>
    </Filter>
    <Filter Include="源文件\Chapter15">
      <UniqueIdentifier>{35fa3c74-ed22-469e-8d28-6abe49113f79}</UniqueIdentifier>
    </Filter>
    <Filter Include="源文件\Chapter17">
      <UniqueIdentifier>{f4436c8c-0a13-44a3-9109-6a38cf588521}</UniqueIdentifier>
    </Filter>
    <Filter Include="源文件\Chapter9\Example">
      <UniqueIdentifier>{95c0e477-0e8a-427a-8ee5-b7311e09d1ef}</UniqueIdentifier>
    </Filter>
    <Filter Include="源文件\Chapter10\Example">
      <UniqueIdentifier>{e32f08a9-4998-45f3-b1d0-ae44ec4d6bd3}</UniqueIdentifier>
    </Filter>
    <Filter Include="源文件\Chapter11\Example">
      <UniqueIdentifier>{5dd39d82-b1bb-454e-84ef-8d79b49b761d}</UniqueIdentifier>
    </Filter>
    <Filter Include="源文件\Chapter12\Example">
      <UniqueIdentifier>{f448c82d-f1b9-4619-904b-c48e7e7bca83}</UniqueIdentifier>
    </Filter>
    <Filter Include="源文件\Chapter13\Example">
      <UniqueIdentifier>{8c96615b-ea9c-42cd-906d-5a0f38673a84}</UniqueIdentifier>
    </Filter>
    <Filter Include="源文件\Chapter14\Example">
      <UniqueIdentifier>{c64f7302-b3b0-41f4-9fac-2f8f1469a3fe}</UniqueIdentifier>
    </Filter>
    <Filter Include="源文件\Chapter15\Example">
      <UniqueIdentifier>{8fb5d735-5221-477b-a0bd-fd60a931b1f0}</UniqueIdentifier>
    </Filter>
    <Filter Include="源文件\Chapter16\Example">
      <UniqueIdentifier>{1c0b2af4-0bcb-42ad-a345-c21fb9214be8}</UniqueIdentifier>
    </Filter>
    <Filter Include="源文件\Chapter17\Example">
      <UniqueIdentifier>{c339ec89-c081-4260-8a61-c9f8da4069f8}</UniqueIdentifier>
    </Filter>
    <Filter Include="源文件\Chapter17\Pratice">
      <UniqueIdentifier>{b9a15791-cb4a-4699-8fc4-c5d4674e2963}</UniqueIdentifier>
    </Filter>
    <Filter Include="源文件\Chapter16\Pratice">
      <UniqueIdentifier>{2a1a98ec-e75a-4744-b138-52ebe05143e8}</UniqueIdentifier>
    </Filter>
    <Filter Include="源文件\Chapter15\Pratice">
      <UniqueIdentifier>{81a18728-0bda-4a9c-ad8c-d77381b55320}</UniqueIdentifier>
    </Filter>
    <Filter Include="源文件\Chapter14\Pratice">
      <UniqueIdentifier>{38680276-0e7e-4c67-95e4-4ec786dcdedd}</UniqueIdentifier>
    </Filter>
    <Filter Include="源文件\Chapter13\Pratice">
      <UniqueIdentifier>{03e5fe9b-4571-452b-ad7c-b5fa6856fa4a}</UniqueIdentifier>
    </Filter>
    <Filter Include="源文件\Chapter12\Pratice">
      <UniqueIdentifier>{43835fc3-a0b9-41ea-9cfe-0bb01317d81d}</UniqueIdentifier>
    </Filter>
    <Filter Include="源文件\Chapter11\Pratice">
      <UniqueIdentifier>{d9596cdb-fbd5-4013-8990-cc830dd4b2b7}</UniqueIdentifier>
    </Filter>
    <Filter Include="源文件\Chapter10\Pratice">
      <UniqueIdentifier>{f30afcba-890c-4807-8f95-58abfa40aacf}</UniqueIdentifier>
    </Filter>
    <Filter Include="源文件\Chapter9\Pratice">
      <UniqueIdentifier>{4751c125-0966-4803-a7c4-8066cb0e5c7e}</UniqueIdentifier>
    </Filter>
  </ItemGroup>
  <ItemGroup>
    <ClCompile Include="main2.c">
      <Filter>源文件\Chapter2</Filter>
    </ClCompile>
    <ClCompile Include="main.c">
      <Filter>源文件</Filter>
    </ClCompile>
    <ClCompile Include="util.c">
      <Filter>源文件\Util</Filter>
    </ClCompile>
    <ClCompile Include="main3.c">
      <Filter>源文件\Chapter3</Filter>
    </ClCompile>
    <ClCompile Include="pratice_simple.c">
      <Filter>源文件\simple</Filter>
    </ClCompile>
    <ClCompile Include="main_simple.c">
      <Filter>源文件\simple</Filter>
    </ClCompile>
    <ClCompile Include="main4.c">
      <Filter>源文件\Chapter4</Filter>
    </ClCompile>
    <ClCompile Include="pratice1.c">
      <Filter>源文件\Chapter2\Pratice</Filter>
    </ClCompile>
    <ClCompile Include="pratice_3_2.c">
      <Filter>源文件\Chapter3\Pratice</Filter>
    </ClCompile>
    <ClCompile Include="pratice_3_3.c">
      <Filter>源文件\Chapter3\Pratice</Filter>
    </ClCompile>
    <ClCompile Include="pratice_3_4.c">
      <Filter>源文件\Chapter3\Pratice</Filter>
    </ClCompile>
    <ClCompile Include="pratice_3_5.c">
      <Filter>源文件\Chapter3\Pratice</Filter>
    </ClCompile>
    <ClCompile Include="pratice_3_6.c">
      <Filter>源文件\Chapter3\Pratice</Filter>
    </ClCompile>
    <ClCompile Include="pratice_3_7.c">
      <Filter>源文件\Chapter3\Pratice</Filter>
    </ClCompile>
    <ClCompile Include="pratice_3_8.c">
      <Filter>源文件\Chapter3\Pratice</Filter>
    </ClCompile>
    <ClCompile Include="pratice_3-1-1.c">
      <Filter>源文件\Chapter3\Pratice</Filter>
    </ClCompile>
    <ClCompile Include="pratice_3-1-2.c">
      <Filter>源文件\Chapter3\Pratice</Filter>
    </ClCompile>
    <ClCompile Include="pratice_3-1-3.c">
      <Filter>源文件\Chapter3\Pratice</Filter>
    </ClCompile>
    <ClCompile Include="pratice_3-1-4.c">
      <Filter>源文件\Chapter3\Pratice</Filter>
    </ClCompile>
    <ClCompile Include="example_2-1.c">
      <Filter>源文件\Chapter2\Example</Filter>
    </ClCompile>
    <ClCompile Include="example_simple.c">
      <Filter>源文件\simple</Filter>
    </ClCompile>
    <ClCompile Include="example_3_1.c">
      <Filter>源文件\Chapter3\Example</Filter>
    </ClCompile>
    <ClCompile Include="example_3_2.c">
      <Filter>源文件\Chapter3\Example</Filter>
    </ClCompile>
    <ClCompile Include="example_4_1.c">
      <Filter>源文件\Chapter4\Example</Filter>
    </ClCompile>
    <ClCompile Include="example_4_2.c">
      <Filter>源文件\Chapter4\Example</Filter>
    </ClCompile>
    <ClCompile Include="example_4_3.c">
      <Filter>源文件\Chapter4\Example</Filter>
    </ClCompile>
    <ClCompile Include="example_4_4.c">
      <Filter>源文件\Chapter4\Example</Filter>
    </ClCompile>
    <ClCompile Include="example_4_5.c">
      <Filter>源文件\Chapter4\Example</Filter>
    </ClCompile>
    <ClCompile Include="example_4_6.c">
      <Filter>源文件\Chapter4\Example</Filter>
    </ClCompile>
    <ClCompile Include="main5.c">
      <Filter>源文件\Chapter5</Filter>
    </ClCompile>
    <ClCompile Include="example_5_1.c">
      <Filter>源文件\Chapter5\Example</Filter>
    </ClCompile>
    <ClCompile Include="example_4_7.c">
      <Filter>源文件\Chapter4\Example</Filter>
    </ClCompile>
    <ClCompile Include="pratice_4_1.c">
      <Filter>源文件\Chapter4\Pratice</Filter>
    </ClCompile>
    <ClCompile Include="pratice_4_2.c">
      <Filter>源文件\Chapter4\Pratice</Filter>
    </ClCompile>
    <ClCompile Include="pratice_4_3.c">
      <Filter>源文件\Chapter4\Pratice</Filter>
    </ClCompile>
    <ClCompile Include="pratice_4_4.c">
      <Filter>源文件\Chapter4\Pratice</Filter>
    </ClCompile>
    <ClCompile Include="pratice_5_1.c">
      <Filter>源文件\Chapter5\Pratice</Filter>
    </ClCompile>
    <ClCompile Include="pratice_5_2.c">
      <Filter>源文件\Chapter5\Pratice</Filter>
    </ClCompile>
    <ClCompile Include="pratice_5_3.c">
      <Filter>源文件\Chapter5\Pratice</Filter>
    </ClCompile>
    <ClCompile Include="pratice_5_4.c">
      <Filter>源文件\Chapter5\Pratice</Filter>
    </ClCompile>
    <ClCompile Include="pratice_5_5.c">
      <Filter>源文件\Chapter5\Pratice</Filter>
    </ClCompile>
    <ClCompile Include="pratice_5_6.c">
      <Filter>源文件\Chapter5\Pratice</Filter>
    </ClCompile>
    <ClCompile Include="pratice_5_7.c">
      <Filter>源文件\Chapter5\Pratice</Filter>
    </ClCompile>
    <ClCompile Include="pratice_5_8.c">
      <Filter>源文件\Chapter5\Pratice</Filter>
    </ClCompile>
    <ClCompile Include="pratice_5_9.c">
      <Filter>源文件\Chapter5\Pratice</Filter>
    </ClCompile>
    <ClCompile Include="main6.c">
      <Filter>源文件\Chapter6</Filter>
    </ClCompile>
    <ClCompile Include="pratice_6_1.c">
      <Filter>源文件\Chapter6\Pratice</Filter>
    </ClCompile>
    <ClCompile Include="pratice_6_2.c">
      <Filter>源文件\Chapter6\Pratice</Filter>
    </ClCompile>
    <ClCompile Include="pratice_6_3.c">
      <Filter>源文件\Chapter6\Pratice</Filter>
    </ClCompile>
    <ClCompile Include="pratice_6_4.c">
      <Filter>源文件\Chapter6\Pratice</Filter>
    </ClCompile>
    <ClCompile Include="pratice_6_5.c">
      <Filter>源文件\Chapter6\Pratice</Filter>
    </ClCompile>
    <ClCompile Include="pratice_6_6.c">
      <Filter>源文件\Chapter6\Pratice</Filter>
    </ClCompile>
    <ClCompile Include="pratice_6_7.c">
      <Filter>源文件\Chapter6\Pratice</Filter>
    </ClCompile>
    <ClCompile Include="pratice_6_8.c">
      <Filter>源文件\Chapter6\Pratice</Filter>
    </ClCompile>
    <ClCompile Include="pratice_6_9.c">
      <Filter>源文件\Chapter6\Pratice</Filter>
    </ClCompile>
    <ClCompile Include="pratice_6_10.c">
      <Filter>源文件\Chapter6\Pratice</Filter>
    </ClCompile>
    <ClCompile Include="pratice_6_11.c">
      <Filter>源文件\Chapter6\Pratice</Filter>
    </ClCompile>
    <ClCompile Include="main7.c">
      <Filter>源文件\Chapter7</Filter>
    </ClCompile>
    <ClCompile Include="example_7_1.c">
      <Filter>源文件\Chapter7\Example</Filter>
    </ClCompile>
    <ClCompile Include="example_7_2.c">
      <Filter>源文件\Chapter7\Example</Filter>
    </ClCompile>
    <ClCompile Include="pratice_7_1.c">
      <Filter>源文件\Chapter7\Pratice</Filter>
    </ClCompile>
    <ClCompile Include="pratice_7_2.c">
      <Filter>源文件\Chapter7\Pratice</Filter>
    </ClCompile>
    <ClCompile Include="pratice_7_3.c">
      <Filter>源文件\Chapter7\Pratice</Filter>
    </ClCompile>
    <ClCompile Include="pratice_7_4.c">
      <Filter>源文件\Chapter7\Pratice</Filter>
    </ClCompile>
    <ClCompile Include="pratice_7_5.c">
      <Filter>源文件\Chapter7\Pratice</Filter>
    </ClCompile>
    <ClCompile Include="pratice_7_6.c">
      <Filter>源文件\Chapter7\Pratice</Filter>
    </ClCompile>
    <ClCompile Include="pratice_7_7.c">
      <Filter>源文件\Chapter7\Pratice</Filter>
    </ClCompile>
    <ClCompile Include="pratice_7_8.c">
      <Filter>源文件\Chapter7\Pratice</Filter>
    </ClCompile>
    <ClCompile Include="pratice_7_9.c">
      <Filter>源文件\Chapter7\Pratice</Filter>
    </ClCompile>
    <ClCompile Include="pratice_7_10.c">
      <Filter>源文件\Chapter7\Pratice</Filter>
    </ClCompile>
    <ClCompile Include="pratice_7_11.c">
      <Filter>源文件\Chapter7\Pratice</Filter>
    </ClCompile>
    <ClCompile Include="example_8_1.c">
      <Filter>源文件\Chapter8\Example</Filter>
    </ClCompile>
    <ClCompile Include="example_8_2.c">
      <Filter>源文件\Chapter8\Example</Filter>
    </ClCompile>
    <ClCompile Include="example_8_3.c">
      <Filter>源文件\Chapter8\Example</Filter>
    </ClCompile>
    <ClCompile Include="example_8_4.c">
      <Filter>源文件\Chapter8\Example</Filter>
    </ClCompile>
    <ClCompile Include="pratice_8_1.c">
      <Filter>源文件\Chapter8\Pratice</Filter>
    </ClCompile>
    <ClCompile Include="pratice_8_2.c">
      <Filter>源文件\Chapter8\Pratice</Filter>
    </ClCompile>
    <ClCompile Include="pratice_8_3.c">
      <Filter>源文件\Chapter8\Pratice</Filter>
    </ClCompile>
    <ClCompile Include="pratice_8_4.c">
      <Filter>源文件\Chapter8\Pratice</Filter>
    </ClCompile>
    <ClCompile Include="main8.c">
      <Filter>源文件\Chapter8</Filter>
    </ClCompile>
    <ClCompile Include="pratice_8_5.c">
      <Filter>源文件\Chapter8\Pratice</Filter>
    </ClCompile>
    <ClCompile Include="main9.c">
      <Filter>源文件\Chapter9</Filter>
    </ClCompile>
    <ClCompile Include="main10.c">
      <Filter>源文件\Chapter10</Filter>
    </ClCompile>
    <ClCompile Include="main11.c">
      <Filter>源文件\Chapter11</Filter>
    </ClCompile>
    <ClCompile Include="main12.c">
      <Filter>源文件\Chapter12</Filter>
    </ClCompile>
    <ClCompile Include="main13.c">
      <Filter>源文件\Chapter13</Filter>
    </ClCompile>
    <ClCompile Include="main14.c">
      <Filter>源文件\Chapter14</Filter>
    </ClCompile>
    <ClCompile Include="main15.c">
      <Filter>源文件\Chapter15</Filter>
    </ClCompile>
    <ClCompile Include="main16.c">
      <Filter>源文件\Chapter16</Filter>
    </ClCompile>
    <ClCompile Include="main17.c">
      <Filter>源文件\Chapter17</Filter>
    </ClCompile>
    <ClCompile Include="example_9_1.c">
      <Filter>源文件\Chapter9\Example</Filter>
    </ClCompile>
    <ClCompile Include="pratice_9_1.c">
      <Filter>源文件\Chapter9\Pratice</Filter>
    </ClCompile>
    <ClCompile Include="pratice_9_2.c">
      <Filter>源文件\Chapter9\Pratice</Filter>
    </ClCompile>
    <ClCompile Include="example_10_1.c">
      <Filter>源文件\Chapter10\Example</Filter>
    </ClCompile>
    <ClCompile Include="example_10_2.c">
      <Filter>源文件\Chapter10\Example</Filter>
    </ClCompile>
    <ClCompile Include="example_10_3.c">
      <Filter>源文件\Chapter10\Example</Filter>
    </ClCompile>
    <ClCompile Include="example_10_4.c">
      <Filter>源文件\Chapter10\Example</Filter>
    </ClCompile>
    <ClCompile Include="example_10_5.c">
      <Filter>源文件\Chapter10\Example</Filter>
    </ClCompile>
    <ClCompile Include="pratice_10_1.c">
      <Filter>源文件\Chapter10\Pratice</Filter>
    </ClCompile>
    <ClCompile Include="pratice_10_2.c">
      <Filter>源文件\Chapter10\Pratice</Filter>
    </ClCompile>
    <ClCompile Include="example_11_1.c">
      <Filter>源文件\Chapter11\Example</Filter>
    </ClCompile>
    <ClCompile Include="example_11_2.c">
      <Filter>源文件\Chapter11\Example</Filter>
    </ClCompile>
    <ClCompile Include="pratice_11_1.c">
      <Filter>源文件\Chapter11\Pratice</Filter>
    </ClCompile>
    <ClCompile Include="pratice_11_2.c">
      <Filter>源文件\Chapter11\Pratice</Filter>
    </ClCompile>
  </ItemGroup>
  <ItemGroup>
    <ClInclude Include="resource.h">
      <Filter>头文件</Filter>
    </ClInclude>
    <ClInclude Include="pratice.h">
      <Filter>头文件</Filter>
    </ClInclude>
    <ClInclude Include="example.h">
      <Filter>头文件</Filter>
    </ClInclude>
    <ClInclude Include="main.h">
      <Filter>头文件</Filter>
    </ClInclude>
  </ItemGroup>
  <ItemGroup>
    <ResourceCompile Include="C_Primer_Plus.rc">
      <Filter>资源文件</Filter>
    </ResourceCompile>
  </ItemGroup>
</Project>